
Microsoft Visual Studio Solution File, Format Version 12.00
# Visual Studio Version 16
VisualStudioVersion = 16.0.30711.63
MinimumVisualStudioVersion = 10.0.40219.1
Project("{FAE04EC0-301F-11D3-BF4B-00C04F79EFBC}") = "ArtificialMemory.Cli", "ArtificialMemory.Cli\ArtificialMemory.Cli.csproj", "{0A9BDA43-FBB6-4BD6-A919-44A4EB35DDDC}"
EndProject
Project("{2150E333-8FDC-42A3-9474-1A3956D46DE8}") = "Cli", "Cli", "{336DA6E9-CEA2-4181-9FEC-FC9AD9AA7044}"
EndProject
Project("{FAE04EC0-301F-11D3-BF4B-00C04F79EFBC}") = "ArtificialMemory.Cli.Tests", "ArtificialMemory.Cli.Tests\ArtificialMemory.Cli.Tests.csproj", "{92FA5412-9EF6-45F4-99A6-1D244AEEAF5B}"
EndProject
Global
	GlobalSection(SolutionConfigurationPlatforms) = preSolution
		Debug|Any CPU = Debug|Any CPU
		Release|Any CPU = Release|Any CPU
	EndGlobalSection
	GlobalSection(ProjectConfigurationPlatforms) = postSolution
		{0A9BDA43-FBB6-4BD6-A919-44A4EB35DDDC}.Debug|Any CPU.ActiveCfg = Debug|Any CPU
		{0A9BDA43-FBB6-4BD6-A919-44A4EB35DDDC}.Debug|Any CPU.Build.0 = Debug|Any CPU
		{0A9BDA43-FBB6-4BD6-A919-44A4EB35DDDC}.Release|Any CPU.ActiveCfg = Release|Any CPU
		{0A9BDA43-FBB6-4BD6-A919-44A4EB35DDDC}.Release|Any CPU.Build.0 = Release|Any CPU
		{92FA5412-9EF6-45F4-99A6-1D244AEEAF5B}.Debug|Any CPU.ActiveCfg = Debug|Any CPU
		{92FA5412-9EF6-45F4-99A6-1D244AEEAF5B}.Debug|Any CPU.Build.0 = Debug|Any CPU
		{92FA5412-9EF6-45F4-99A6-1D244AEEAF5B}.Release|Any CPU.ActiveCfg = Release|Any CPU
		{92FA5412-9EF6-45F4-99A6-1D244AEEAF5B}.Release|Any CPU.Build.0 = Release|Any CPU
	EndGlobalSection
	GlobalSection(SolutionProperties) = preSolution
		HideSolutionNode = FALSE
	EndGlobalSection
	GlobalSection(NestedProjects) = preSolution
		{0A9BDA43-FBB6-4BD6-A919-44A4EB35DDDC} = {336DA6E9-CEA2-4181-9FEC-FC9AD9AA7044}
		{92FA5412-9EF6-45F4-99A6-1D244AEEAF5B} = {336DA6E9-CEA2-4181-9FEC-FC9AD9AA7044}
	EndGlobalSection
	GlobalSection(ExtensibilityGlobals) = postSolution
		SolutionGuid = {7EBC5C50-40E9-466D-90F3-811C6495EBA0}
	EndGlobalSection
EndGlobal
